{
  "originHash" : "01150dd7f65a9e4ac27533285b0f434b604cbf1865e4e2f94a5fcc0a5e495ae3",
  "pins" : [
    {
      "identity" : "keyboardshortcuts",
      "kind" : "remoteSourceControl",
      "location" : "https://github.com/sindresorhus/KeyboardShortcuts.git",
      "state" : {
        "revision" : "772133d9dbe800fdac0473226822994c5c162c58",
        "version" : "3.1.0"
      }
    },
    {
      "identity" : "swift-log",
      "kind" : "remoteSourceControl",
      "location" : "https://github.com/apple/swift-log.git",
      "state" : {
        "revision" : "9c6fb14227f55d8f711ce3847dc2f419fb0ecacb",
        "version" : "1.15.1"
      }
    }
  ],
  "version" : 3
}
